
Microsoft Visual Studio Solution File, Format Version 12.00
# Visual Studio Version 17
VisualStudioVersion = 17.7.34202.233
MinimumVisualStudioVersion = 10.0.40219.1
Project("{9A19103F-16F7-4668-BE54-9A1E7A4F7556}") = "GoblinsAttack", "GoblinsAttack\GoblinsAttack.csproj", "{14776E49-A8D0-409F-A541-6524D50F5AE3}"
EndProject
Project("{9A19103F-16F7-4668-BE54-9A1E7A4F7556}") = "MAUIView", "MAUIView\MAUIView.csproj", "{53E28EED-663E-43D3-95A1-765F12A0B6D4}"
EndProject
Project("{9A19103F-16F7-4668-BE54-9A1E7A4F7556}") = "MauiAppTest", "MauiAppTest\MauiAppTest.csproj", "{73F24ABA-ABA4-4FC1-AA9C-F33F3C62ED45}"
EndProject
Project("{FAE04EC0-301F-11D3-BF4B-00C04F79EFBC}") = "GoblinLogic", "GoblinLogic\GoblinLogic.csproj", "{8C7FA160-275A-413A-9765-5D34F585C4BA}"
EndProject
Global
	GlobalSection(SolutionConfigurationPlatforms) = preSolution
		Debug|Any CPU = Debug|Any CPU
		Debug|x64 = Debug|x64
		Debug|x86 = Debug|x86
		Release|Any CPU = Release|Any CPU
		Release|x64 = Release|x64
		Release|x86 = Release|x86
	EndGlobalSection
	GlobalSection(ProjectConfigurationPlatforms) = postSolution
		{14776E49-A8D0-409F-A541-6524D50F5AE3}.Debug|Any CPU.ActiveCfg = Debug|Any CPU
		{14776E49-A8D0-409F-A541-6524D50F5AE3}.Debug|Any CPU.Build.0 = Debug|Any CPU
		{14776E49-A8D0-409F-A541-6524D50F5AE3}.Debug|x64.ActiveCfg = Debug|Any CPU
		{14776E49-A8D0-409F-A541-6524D50F5AE3}.Debug|x64.Build.0 = Debug|Any CPU
		{14776E49-A8D0-409F-A541-6524D50F5AE3}.Debug|x86.ActiveCfg = Debug|Any CPU
		{14776E49-A8D0-409F-A541-6524D50F5AE3}.Debug|x86.Build.0 = Debug|Any CPU
		{14776E49-A8D0-409F-A541-6524D50F5AE3}.Release|Any CPU.ActiveCfg = Release|Any CPU
		{14776E49-A8D0-409F-A541-6524D50F5AE3}.Release|Any CPU.Build.0 = Release|Any CPU
		{14776E49-A8D0-409F-A541-6524D50F5AE3}.Release|x64.ActiveCfg = Release|Any CPU
		{14776E49-A8D0-409F-A541-6524D50F5AE3}.Release|x64.Build.0 = Release|Any CPU
		{14776E49-A8D0-409F-A541-6524D50F5AE3}.Release|x86.ActiveCfg = Release|Any CPU
		{14776E49-A8D0-409F-A541-6524D50F5AE3}.Release|x86.Build.0 = Release|Any CPU
		{53E28EED-663E-43D3-95A1-765F12A0B6D4}.Debug|Any CPU.ActiveCfg = Debug|Any CPU
		{53E28EED-663E-43D3-95A1-765F12A0B6D4}.Debug|Any CPU.Build.0 = Debug|Any CPU
		{53E28EED-663E-43D3-95A1-765F12A0B6D4}.Debug|x64.ActiveCfg = Debug|Any CPU
		{53E28EED-663E-43D3-95A1-765F12A0B6D4}.Debug|x64.Build.0 = Debug|Any CPU
		{53E28EED-663E-43D3-95A1-765F12A0B6D4}.Debug|x86.ActiveCfg = Debug|Any CPU
		{53E28EED-663E-43D3-95A1-765F12A0B6D4}.Debug|x86.Build.0 = Debug|Any CPU
		{53E28EED-663E-43D3-95A1-765F12A0B6D4}.Release|Any CPU.ActiveCfg = Release|Any CPU
		{53E28EED-663E-43D3-95A1-765F12A0B6D4}.Release|Any CPU.Build.0 = Release|Any CPU
		{53E28EED-663E-43D3-95A1-765F12A0B6D4}.Release|x64.ActiveCfg = Release|Any CPU
		{53E28EED-663E-43D3-95A1-765F12A0B6D4}.Release|x64.Build.0 = Release|Any CPU
		{53E28EED-663E-43D3-95A1-765F12A0B6D4}.Release|x86.ActiveCfg = Release|Any CPU
		{53E28EED-663E-43D3-95A1-765F12A0B6D4}.Release|x86.Build.0 = Release|Any CPU
		{73F24ABA-ABA4-4FC1-AA9C-F33F3C62ED45}.Debug|Any CPU.ActiveCfg = Debug|Any CPU
		{73F24ABA-ABA4-4FC1-AA9C-F33F3C62ED45}.Debug|Any CPU.Build.0 = Debug|Any CPU
		{73F24ABA-ABA4-4FC1-AA9C-F33F3C62ED45}.Debug|Any CPU.Deploy.0 = Debug|Any CPU
		{73F24ABA-ABA4-4FC1-AA9C-F33F3C62ED45}.Debug|x64.ActiveCfg = Debug|Any CPU
		{73F24ABA-ABA4-4FC1-AA9C-F33F3C62ED45}.Debug|x64.Build.0 = Debug|Any CPU
		{73F24ABA-ABA4-4FC1-AA9C-F33F3C62ED45}.Debug|x64.Deploy.0 = Debug|Any CPU
		{73F24ABA-ABA4-4FC1-AA9C-F33F3C62ED45}.Debug|x86.ActiveCfg = Debug|Any CPU
		{73F24ABA-ABA4-4FC1-AA9C-F33F3C62ED45}.Debug|x86.Build.0 = Debug|Any CPU
		{73F24ABA-ABA4-4FC1-AA9C-F33F3C62ED45}.Debug|x86.Deploy.0 = Debug|Any CPU
		{73F24ABA-ABA4-4FC1-AA9C-F33F3C62ED45}.Release|Any CPU.ActiveCfg = Release|Any CPU
		{73F24ABA-ABA4-4FC1-AA9C-F33F3C62ED45}.Release|Any CPU.Build.0 = Release|Any CPU
		{73F24ABA-ABA4-4FC1-AA9C-F33F3C62ED45}.Release|Any CPU.Deploy.0 = Release|Any CPU
		{73F24ABA-ABA4-4FC1-AA9C-F33F3C62ED45}.Release|x64.ActiveCfg = Release|Any CPU
		{73F24ABA-ABA4-4FC1-AA9C-F33F3C62ED45}.Release|x64.Build.0 = Release|Any CPU
		{73F24ABA-ABA4-4FC1-AA9C-F33F3C62ED45}.Release|x64.Deploy.0 = Release|Any CPU
		{73F24ABA-ABA4-4FC1-AA9C-F33F3C62ED45}.Release|x86.ActiveCfg = Release|Any CPU
		{73F24ABA-ABA4-4FC1-AA9C-F33F3C62ED45}.Release|x86.Build.0 = Release|Any CPU
		{73F24ABA-ABA4-4FC1-AA9C-F33F3C62ED45}.Release|x86.Deploy.0 = Release|Any CPU
		{8C7FA160-275A-413A-9765-5D34F585C4BA}.Debug|Any CPU.ActiveCfg = Debug|Any CPU
		{8C7FA160-275A-413A-9765-5D34F585C4BA}.Debug|Any CPU.Build.0 = Debug|Any CPU
		{8C7FA160-275A-413A-9765-5D34F585C4BA}.Debug|x64.ActiveCfg = Debug|Any CPU
		{8C7FA160-275A-413A-9765-5D34F585C4BA}.Debug|x64.Build.0 = Debug|Any CPU
		{8C7FA160-275A-413A-9765-5D34F585C4BA}.Debug|x86.ActiveCfg = Debug|Any CPU
		{8C7FA160-275A-413A-9765-5D34F585C4BA}.Debug|x86.Build.0 = Debug|Any CPU
		{8C7FA160-275A-413A-9765-5D34F585C4BA}.Release|Any CPU.ActiveCfg = Release|Any CPU
		{8C7FA160-275A-413A-9765-5D34F585C4BA}.Release|Any CPU.Build.0 = Release|Any CPU
		{8C7FA160-275A-413A-9765-5D34F585C4BA}.Release|x64.ActiveCfg = Release|Any CPU
		{8C7FA160-275A-413A-9765-5D34F585C4BA}.Release|x64.Build.0 = Release|Any CPU
		{8C7FA160-275A-413A-9765-5D34F585C4BA}.Release|x86.ActiveCfg = Release|Any CPU
		{8C7FA160-275A-413A-9765-5D34F585C4BA}.Release|x86.Build.0 = Release|Any CPU
	EndGlobalSection
	GlobalSection(SolutionProperties) = preSolution
		HideSolutionNode = FALSE
	EndGlobalSection
	GlobalSection(ExtensibilityGlobals) = postSolution
		SolutionGuid = {6E6422E8-2EE5-4D9B-8336-777C7FD78054}
	EndGlobalSection
EndGlobal
